// !$*UTF8*$!
{
	archiveVersion = 1;
	classes = {
	};
	objectVersion = 56;
	objects = {

/* Begin PBXBuildFile section */
		47075EC1299D1D1400BDCB7C /* README.md in Resources */ = {isa = PBXBuildFile; fileRef = 47075EC0299D1D1400BDCB7C /* README.md */; };
		47075EC3299D2C9500BDCB7C /* ProfileImage.swift in Sources */ = {isa = PBXBuildFile; fileRef = 47075EC2299D2C9500BDCB7C /* ProfileImage.swift */; };
		47075EC5299D329400BDCB7C /* ProfileImageView.swift in Sources */ = {isa = PBXBuildFile; fileRef = 47075EC4299D329400BDCB7C /* ProfileImageView.swift */; };
		47075EC7299D420400BDCB7C /* UIColor+Extensions.swift in Sources */ = {isa = PBXBuildFile; fileRef = 47075EC6299D420400BDCB7C /* UIColor+Extensions.swift */; };
		47075EC9299D4E6100BDCB7C /* UIButton+Extensions.swift in Sources */ = {isa = PBXBuildFile; fileRef = 47075EC8299D4E6100BDCB7C /* UIButton+Extensions.swift */; };
		47075ECB299D51E100BDCB7C /* EditProfileImageController.swift in Sources */ = {isa = PBXBuildFile; fileRef = 47075ECA299D51E100BDCB7C /* EditProfileImageController.swift */; };
		47A28DEF299D1A27009F8A21 /* AppDelegate.swift in Sources */ = {isa = PBXBuildFile; fileRef = 47A28DEE299D1A27009F8A21 /* AppDelegate.swift */; };
		47A28DF1299D1A27009F8A21 /* SceneDelegate.swift in Sources */ = {isa = PBXBuildFile; fileRef = 47A28DF0299D1A27009F8A21 /* SceneDelegate.swift */; };
		47A28DF3299D1A27009F8A21 /* ViewController.swift in Sources */ = {isa = PBXBuildFile; fileRef = 47A28DF2299D1A27009F8A21 /* ViewController.swift */; };
		47A28DF6299D1A27009F8A21 /* Main.storyboard in Resources */ = {isa = PBXBuildFile; fileRef = 47A28DF4299D1A27009F8A21 /* Main.storyboard */; };
		47A28DF8299D1A28009F8A21 /* Assets.xcassets in Resources */ = {isa = PBXBuildFile; fileRef = 47A28DF7299D1A28009F8A21 /* Assets.xcassets */; };
		47A28DFB299D1A28009F8A21 /* LaunchScreen.storyboard in Resources */ = {isa = PBXBuildFile; fileRef = 47A28DF9299D1A28009F8A21 /* LaunchScreen.storyboard */; };
/* End PBXBuildFile section */

/* Begin PBXFileReference section */
		47075EBE299D1A5800BDCB7C /* ProfileImagePicker.entitlements */ = {isa = PBXFileReference; lastKnownFileType = text.plist.entitlements; path = ProfileImagePicker.entitlements; sourceTree = "<group>"; };
		47075EC0299D1D1400BDCB7C /* README.md */ = {isa = PBXFileReference; fileEncoding = 4; lastKnownFileType = net.daringfireball.markdown; path = README.md; sourceTree = "<group>"; };
		47075EC2299D2C9500BDCB7C /* ProfileImage.swift */ = {isa = PBXFileReference; lastKnownFileType = sourcecode.swift; path = ProfileImage.swift; sourceTree = "<group>"; };
		47075EC4299D329400BDCB7C /* ProfileImageView.swift */ = {isa = PBXFileReference; lastKnownFileType = sourcecode.swift; path = ProfileImageView.swift; sourceTree = "<group>"; };
		47075EC6299D420400BDCB7C /* UIColor+Extensions.swift */ = {isa = PBXFileReference; lastKnownFileType = sourcecode.swift; path = "UIColor+Extensions.swift"; sourceTree = "<group>"; };
		47075EC8299D4E6100BDCB7C /* UIButton+Extensions.swift */ = {isa = PBXFileReference; lastKnownFileType = sourcecode.swift; path = "UIButton+Extensions.swift"; sourceTree = "<group>"; };
		47075ECA299D51E100BDCB7C /* EditProfileImageController.swift */ = {isa = PBXFileReference; lastKnownFileType = sourcecode.swift; path = EditProfileImageController.swift; sourceTree = "<group>"; };
		47A28DEB299D1A27009F8A21 /* ProfileImagePicker.app */ = {isa = PBXFileReference; explicitFileType = wrapper.application; includeInIndex = 0; path = ProfileImagePicker.app; sourceTree = BUILT_PRODUCTS_DIR; };
		47A28DEE299D1A27009F8A21 /* AppDelegate.swift */ = {isa = PBXFileReference; lastKnownFileType = sourcecode.swift; path = AppDelegate.swift; sourceTree = "<group>"; };
		47A28DF0299D1A27009F8A21 /* SceneDelegate.swift */ = {isa = PBXFileReference; lastKnownFileType = sourcecode.swift; path = SceneDelegate.swift; sourceTree = "<group>"; };
		47A28DF2299D1A27009F8A21 /* ViewController.swift */ = {isa = PBXFileReference; lastKnownFileType = sourcecode.swift; path = ViewController.swift; sourceTree = "<group>"; };
		47A28DF5299D1A27009F8A21 /* Base */ = {isa = PBXFileReference; lastKnownFileType = file.storyboard; name = Base; path = Base.lproj/Main.storyboard; sourceTree = "<group>"; };
		47A28DF7299D1A28009F8A21 /* Assets.xcassets */ = {isa = PBXFileReference; lastKnownFileType = folder.assetcatalog; path = Assets.xcassets; sourceTree = "<group>"; };
		47A28DFA299D1A28009F8A21 /* Base */ = {isa = PBXFileReference; lastKnownFileType = file.storyboard; name = Base; path = Base.lproj/LaunchScreen.storyboard; sourceTree = "<group>"; };
		47A28DFC299D1A28009F8A21 /* Info.plist */ = {isa = PBXFileReference; lastKnownFileType = text.plist.xml; path = Info.plist; sourceTree = "<group>"; };
/* End PBXFileReference section */

/* Begin PBXFrameworksBuildPhase section */
		47A28DE8299D1A27009F8A21 /* Frameworks */ = {
			isa = PBXFrameworksBuildPhase;
			buildActionMask = 2147483647;
			files = (
			);
			runOnlyForDeploymentPostprocessing = 0;
		};
/* End PBXFrameworksBuildPhase section */

/* Begin PBXGroup section */
		47075EBF299D1CBB00BDCB7C /* Picker */ = {
			isa = PBXGroup;
			children = (
				47075EC2299D2C9500BDCB7C /* ProfileImage.swift */,
				47075EC4299D329400BDCB7C /* ProfileImageView.swift */,
				47075ECA299D51E100BDCB7C /* EditProfileImageController.swift */,
				47075EC6299D420400BDCB7C /* UIColor+Extensions.swift */,
				47075EC8299D4E6100BDCB7C /* UIButton+Extensions.swift */,
			);
			path = Picker;
			sourceTree = "<group>";
		};
		47A28DE2299D1A27009F8A21 = {
			isa = PBXGroup;
			children = (
				47075EC0299D1D1400BDCB7C /* README.md */,
				47A28DED299D1A27009F8A21 /* ProfileImagePicker */,
				47A28DEC299D1A27009F8A21 /* Products */,
			);
			sourceTree = "<group>";
		};
		47A28DEC299D1A27009F8A21 /* Products */ = {
			isa = PBXGroup;
			children = (
				47A28DEB299D1A27009F8A21 /* ProfileImagePicker.app */,
			);
			name = Products;
			sourceTree = "<group>";
		};
		47A28DED299D1A27009F8A21 /* ProfileImagePicker */ = {
			isa = PBXGroup;
			children = (
				47075EBE299D1A5800BDCB7C /* ProfileImagePicker.entitlements */,
				47A28DEE299D1A27009F8A21 /* AppDelegate.swift */,
				47A28DF0299D1A27009F8A21 /* SceneDelegate.swift */,
				47A28DF2299D1A27009F8A21 /* ViewController.swift */,
				47A28DF4299D1A27009F8A21 /* Main.storyboard */,
				47A28DF9299D1A28009F8A21 /* LaunchScreen.storyboard */,
				47A28DF7299D1A28009F8A21 /* Assets.xcassets */,
				47A28DFC299D1A28009F8A21 /* Info.plist */,
				47075EBF299D1CBB00BDCB7C /* Picker */,
			);
			path = ProfileImagePicker;
			sourceTree = "<group>";
		};
/* End PBXGroup section */

/* Begin PBXNativeTarget section */
		47A28DEA299D1A27009F8A21 /* ProfileImagePicker */ = {
			isa = PBXNativeTarget;
			buildConfigurationList = 47A28DFF299D1A28009F8A21 /* Build configuration list for PBXNativeTarget "ProfileImagePicker" */;
			buildPhases = (
				47A28DE7299D1A27009F8A21 /* Sources */,
				47A28DE8299D1A27009F8A21 /* Frameworks */,
				47A28DE9299D1A27009F8A21 /* Resources */,
			);
			buildRules = (
			);
			dependencies = (
			);
			name = ProfileImagePicker;
			productName = ProfileImagePicker;
			productReference = 47A28DEB299D1A27009F8A21 /* ProfileImagePicker.app */;
			productType = "com.apple.product-type.application";
		};
/* End PBXNativeTarget section */

/* Begin PBXProject section */
		47A28DE3299D1A27009F8A21 /* Project object */ = {
			isa = PBXProject;
			attributes = {
				BuildIndependentTargetsInParallel = 1;
				LastSwiftUpdateCheck = 1420;
				LastUpgradeCheck = 1420;
				TargetAttributes = {
					47A28DEA299D1A27009F8A21 = {
						CreatedOnToolsVersion = 14.2;
					};
				};
			};
			buildConfigurationList = 47A28DE6299D1A27009F8A21 /* Build configuration list for PBXProject "ProfileImagePicker" */;
			compatibilityVersion = "Xcode 14.0";
			developmentRegion = en;
			hasScannedForEncodings = 0;
			knownRegions = (
				en,
				Base,
			);
			mainGroup = 47A28DE2299D1A27009F8A21;
			productRefGroup = 47A28DEC299D1A27009F8A21 /* Products */;
			projectDirPath = "";
			projectRoot = "";
			targets = (
				47A28DEA299D1A27009F8A21 /* ProfileImagePicker */,
			);
		};
/* End PBXProject section */

/* Begin PBXResourcesBuildPhase section */
		47A28DE9299D1A27009F8A21 /* Resources */ = {
			isa = PBXResourcesBuildPhase;
			buildActionMask = 2147483647;
			files = (
				47A28DFB299D1A28009F8A21 /* LaunchScreen.storyboard in Resources */,
				47A28DF8299D1A28009F8A21 /* Assets.xcassets in Resources */,
				47075EC1299D1D1400BDCB7C /* README.md in Resources */,
				47A28DF6299D1A27009F8A21 /* Main.storyboard in Resources */,
			);
			runOnlyForDeploymentPostprocessing = 0;
		};
/* End PBXResourcesBuildPhase section */

/* Begin PBXSourcesBuildPhase section */
		47A28DE7299D1A27009F8A21 /* Sources */ = {
			isa = PBXSourcesBuildPhase;
			buildActionMask = 2147483647;
			files = (
				47A28DF3299D1A27009F8A21 /* ViewController.swift in Sources */,
				47075EC9299D4E6100BDCB7C /* UIButton+Extensions.swift in Sources */,
				47075ECB299D51E100BDCB7C /* EditProfileImageController.swift in Sources */,
				47075EC7299D420400BDCB7C /* UIColor+Extensions.swift in Sources */,
				47075EC3299D2C9500BDCB7C /* ProfileImage.swift in Sources */,
				47075EC5299D329400BDCB7C /* ProfileImageView.swift in Sources */,
				47A28DEF299D1A27009F8A21 /* AppDelegate.swift in Sources */,
				47A28DF1299D1A27009F8A21 /* SceneDelegate.swift in Sources */,
			);
			runOnlyForDeploymentPostprocessing = 0;
		};
/* End PBXSourcesBuildPhase section */

/* Begin PBXVariantGroup section */
		47A28DF4299D1A27009F8A21 /* Main.storyboard */ = {
			isa = PBXVariantGroup;
			children = (
				47A28DF5299D1A27009F8A21 /* Base */,
			);
			name = Main.storyboard;
			sourceTree = "<group>";
		};
		47A28DF9299D1A28009F8A21 /* LaunchScreen.storyboard */ = {
			isa = PBXVariantGroup;
			children = (
				47A28DFA299D1A28009F8A21 /* Base */,
			);
			name = LaunchScreen.storyboard;
			sourceTree = "<group>";
		};
/* End PBXVariantGroup section */

/* Begin XCBuildConfiguration section */
		47A28DFD299D1A28009F8A21 /* Debug */ = {
			isa = XCBuildConfiguration;
			buildSettings = {
				ALWAYS_SEARCH_USER_PATHS = NO;
				CLANG_ANALYZER_NONNULL = YES;
				CLANG_ANALYZER_NUMBER_OBJECT_CONVERSION = YES_AGGRESSIVE;
				CLANG_CXX_LANGUAGE_STANDARD = "gnu++20";
				CLANG_ENABLE_MODULES = YES;
				CLANG_ENABLE_OBJC_ARC = YES;
				CLANG_ENABLE_OBJC_WEAK = YES;
				CLANG_WARN_BLOCK_CAPTURE_AUTORELEASING = YES;
				CLANG_WARN_BOOL_CONVERSION = YES;
				CLANG_WARN_COMMA = YES;
				CLANG_WARN_CONSTANT_CONVERSION = YES;
				CLANG_WARN_DEPRECATED_OBJC_IMPLEMENTATIONS = YES;
				CLANG_WARN_DIRECT_OBJC_ISA_USAGE = YES_ERROR;
				CLANG_WARN_DOCUMENTATION_COMMENTS = YES;
				CLANG_WARN_EMPTY_BODY = YES;
				CLANG_WARN_ENUM_CONVERSION = YES;
				CLANG_WARN_INFINITE_RECURSION = YES;
				CLANG_WARN_INT_CONVERSION = YES;
				CLANG_WARN_NON_LITERAL_NULL_CONVERSION = YES;
				CLANG_WARN_OBJC_IMPLICIT_RETAIN_SELF = YES;
				CLANG_WARN_OBJC_LITERAL_CONVERSION = YES;
				CLANG_WARN_OBJC_ROOT_CLASS = YES_ERROR;
				CLANG_WARN_QUOTED_INCLUDE_IN_FRAMEWORK_HEADER = YES;
				CLANG_WARN_RANGE_LOOP_ANALYSIS = YES;
				CLANG_WARN_STRICT_PROTOTYPES = YES;
				CLANG_WARN_SUSPICIOUS_MOVE = YES;
				CLANG_WARN_UNGUARDED_AVAILABILITY = YES_AGGRESSIVE;
				CLANG_WARN_UNREACHABLE_CODE = YES;
				CLANG_WARN__DUPLICATE_METHOD_MATCH = YES;
				COPY_PHASE_STRIP = NO;
				DEBUG_INFORMATION_FORMAT = dwarf;
				ENABLE_STRICT_OBJC_MSGSEND = YES;
				ENABLE_TESTABILITY = YES;
				GCC_C_LANGUAGE_STANDARD = gnu11;
				GCC_DYNAMIC_NO_PIC = NO;
				GCC_NO_COMMON_BLOCKS = YES;
				GCC_OPTIMIZATION_LEVEL = 0;
				GCC_PREPROCESSOR_DEFINITIONS = (
					"DEBUG=1",
					"$(inherited)",
				);
				GCC_WARN_64_TO_32_BIT_CONVERSION = YES;
				GCC_WARN_ABOUT_RETURN_TYPE = YES_ERROR;
				GCC_WARN_UNDECLARED_SELECTOR = YES;
				GCC_WARN_UNINITIALIZED_AUTOS = YES_AGGRESSIVE;
				GCC_WARN_UNUSED_FUNCTION = YES;
				GCC_WARN_UNUSED_VARIABLE = YES;
				IPHONEOS_DEPLOYMENT_TARGET = 16.2;
				MTL_ENABLE_DEBUG_INFO = INCLUDE_SOURCE;
				MTL_FAST_MATH = YES;
				ONLY_ACTIVE_ARCH = YES;
				SDKROOT = iphoneos;
				SWIFT_ACTIVE_COMPILATION_CONDITIONS = DEBUG;
				SWIFT_OPTIMIZATION_LEVEL = "-Onone";
			};
			name = Debug;
		};
		47A28DFE299D1A28009F8A21 /* Release */ = {
			isa = XCBuildConfiguration;
			buildSettings = {
				ALWAYS_SEARCH_USER_PATHS = NO;
				CLANG_ANALYZER_NONNULL = YES;
				CLANG_ANALYZER_NUMBER_OBJECT_CONVERSION = YES_AGGRESSIVE;
				CLANG_CXX_LANGUAGE_STANDARD = "gnu++20";
				CLANG_ENABLE_MODULES = YES;
				CLANG_ENABLE_OBJC_ARC = YES;
				CLANG_ENABLE_OBJC_WEAK = YES;
				CLANG_WARN_BLOCK_CAPTURE_AUTORELEASING = YES;
				CLANG_WARN_BOOL_CONVERSION = YES;
				CLANG_WARN_COMMA = YES;
				CLANG_WARN_CONSTANT_CONVERSION = YES;
				CLANG_WARN_DEPRECATED_OBJC_IMPLEMENTATIONS = YES;
				CLANG_WARN_DIRECT_OBJC_ISA_USAGE = YES_ERROR;
				CLANG_WARN_DOCUMENTATION_COMMENTS = YES;
				CLANG_WARN_EMPTY_BODY = YES;
				CLANG_WARN_ENUM_CONVERSION = YES;
				CLANG_WARN_INFINITE_RECURSION = YES;
				CLANG_WARN_INT_CONVERSION = YES;
				CLANG_WARN_NON_LITERAL_NULL_CONVERSION = YES;
				CLANG_WARN_OBJC_IMPLICIT_RETAIN_SELF = YES;
				CLANG_WARN_OBJC_LITERAL_CONVERSION = YES;
				CLANG_WARN_OBJC_ROOT_CLASS = YES_ERROR;
				CLANG_WARN_QUOTED_INCLUDE_IN_FRAMEWORK_HEADER = YES;
				CLANG_WARN_RANGE_LOOP_ANALYSIS = YES;
				CLANG_WARN_STRICT_PROTOTYPES = YES;
				CLANG_WARN_SUSPICIOUS_MOVE = YES;
				CLANG_WARN_UNGUARDED_AVAILABILITY = YES_AGGRESSIVE;
				CLANG_WARN_UNREACHABLE_CODE = YES;
				CLANG_WARN__DUPLICATE_METHOD_MATCH = YES;
				COPY_PHASE_STRIP = NO;
				DEBUG_INFORMATION_FORMAT = "dwarf-with-dsym";
				ENABLE_NS_ASSERTIONS = NO;
				ENABLE_STRICT_OBJC_MSGSEND = YES;
				GCC_C_LANGUAGE_STANDARD = gnu11;
				GCC_NO_COMMON_BLOCKS = YES;
				GCC_WARN_64_TO_32_BIT_CONVERSION = YES;
				GCC_WARN_ABOUT_RETURN_TYPE = YES_ERROR;
				GCC_WARN_UNDECLARED_SELECTOR = YES;
				GCC_WARN_UNINITIALIZED_AUTOS = YES_AGGRESSIVE;
				GCC_WARN_UNUSED_FUNCTION = YES;
				GCC_WARN_UNUSED_VARIABLE = YES;
				IPHONEOS_DEPLOYMENT_TARGET = 16.2;
				MTL_ENABLE_DEBUG_INFO = NO;
				MTL_FAST_MATH = YES;
				SDKROOT = iphoneos;
				SWIFT_COMPILATION_MODE = wholemodule;
				SWIFT_OPTIMIZATION_LEVEL = "-O";
				VALIDATE_PRODUCT = YES;
			};
			name = Release;
		};
		47A28E00299D1A28009F8A21 /* Debug */ = {
			isa = XCBuildConfiguration;
			buildSettings = {
				ASSETCATALOG_COMPILER_APPICON_NAME = AppIcon;
				ASSETCATALOG_COMPILER_GLOBAL_ACCENT_COLOR_NAME = AccentColor;
				CODE_SIGN_ENTITLEMENTS = ProfileImagePicker/ProfileImagePicker.entitlements;
				CODE_SIGN_STYLE = Automatic;
				CURRENT_PROJECT_VERSION = 1;
				DEVELOPMENT_TEAM = ZWNU8P9B33;
				GENERATE_INFOPLIST_FILE = YES;
				INFOPLIST_FILE = ProfileImagePicker/Info.plist;
				INFOPLIST_KEY_UIApplicationSupportsIndirectInputEvents = YES;
				INFOPLIST_KEY_UILaunchStoryboardName = LaunchScreen;
				INFOPLIST_KEY_UIMainStoryboardFile = Main;
				INFOPLIST_KEY_UISupportedInterfaceOrientations_iPad = "UIInterfaceOrientationPortrait UIInterfaceOrientationPortraitUpsideDown UIInterfaceOrientationLandscapeLeft UIInterfaceOrientationLandscapeRight";
				INFOPLIST_KEY_UISupportedInterfaceOrientations_iPhone = "UIInterfaceOrientationPortrait UIInterfaceOrientationLandscapeLeft UIInterfaceOrientationLandscapeRight";
				LD_RUNPATH_SEARCH_PATHS = (
					"$(inherited)",
					"@executable_path/Frameworks",
				);
				MARKETING_VERSION = 1.0;
				PRODUCT_BUNDLE_IDENTIFIER = hu.lka.gk.ProfileImagePicker;
				PRODUCT_NAME = "$(TARGET_NAME)";
				SUPPORTED_PLATFORMS = "iphoneos iphonesimulator";
				SUPPORTS_MACCATALYST = YES;
				SUPPORTS_MAC_DESIGNED_FOR_IPHONE_IPAD = NO;
				SWIFT_EMIT_LOC_STRINGS = YES;
				SWIFT_VERSION = 5.0;
				TARGETED_DEVICE_FAMILY = "1,2,6";
			};
			name = Debug;
		};
		47A28E01299D1A28009F8A21 /* Release */ = {
			isa = XCBuildConfiguration;
			buildSettings = {
				ASSETCATALOG_COMPILER_APPICON_NAME = AppIcon;
				ASSETCATALOG_COMPILER_GLOBAL_ACCENT_COLOR_NAME = AccentColor;
				CODE_SIGN_ENTITLEMENTS = ProfileImagePicker/ProfileImagePicker.entitlements;
				CODE_SIGN_STYLE = Automatic;
				CURRENT_PROJECT_VERSION = 1;
				DEVELOPMENT_TEAM = ZWNU8P9B33;
				GENERATE_INFOPLIST_FILE = YES;
				INFOPLIST_FILE = ProfileImagePicker/Info.plist;
				INFOPLIST_KEY_UIApplicationSupportsIndirectInputEvents = YES;
				INFOPLIST_KEY_UILaunchStoryboardName = LaunchScreen;
				INFOPLIST_KEY_UIMainStoryboardFile = Main;
				INFOPLIST_KEY_UISupportedInterfaceOrientations_iPad = "UIInterfaceOrientationPortrait UIInterfaceOrientationPortraitUpsideDown UIInterfaceOrientationLandscapeLeft UIInterfaceOrientationLandscapeRight";
				INFOPLIST_KEY_UISupportedInterfaceOrientations_iPhone = "UIInterfaceOrientationPortrait UIInterfaceOrientationLandscapeLeft UIInterfaceOrientationLandscapeRight";
				LD_RUNPATH_SEARCH_PATHS = (
					"$(inherited)",
					"@executable_path/Frameworks",
				);
				MARKETING_VERSION = 1.0;
				PRODUCT_BUNDLE_IDENTIFIER = hu.lka.gk.ProfileImagePicker;
				PRODUCT_NAME = "$(TARGET_NAME)";
				SUPPORTED_PLATFORMS = "iphoneos iphonesimulator";
				SUPPORTS_MACCATALYST = YES;
				SUPPORTS_MAC_DESIGNED_FOR_IPHONE_IPAD = NO;
				SWIFT_EMIT_LOC_STRINGS = YES;
				SWIFT_VERSION = 5.0;
				TARGETED_DEVICE_FAMILY = "1,2,6";
			};
			name = Release;
		};
/* End XCBuildConfiguration section */

/* Begin XCConfigurationList section */
		47A28DE6299D1A27009F8A21 /* Build configuration list for PBXProject "ProfileImagePicker" */ = {
			isa = XCConfigurationList;
			buildConfigurations = (
				47A28DFD299D1A28009F8A21 /* Debug */,
				47A28DFE299D1A28009F8A21 /* Release */,
			);
			defaultConfigurationIsVisible = 0;
			defaultConfigurationName = Release;
		};
		47A28DFF299D1A28009F8A21 /* Build configuration list for PBXNativeTarget "ProfileImagePicker" */ = {
			isa = XCConfigurationList;
			buildConfigurations = (
				47A28E00299D1A28009F8A21 /* Debug */,
				47A28E01299D1A28009F8A21 /* Release */,
			);
			defaultConfigurationIsVisible = 0;
			defaultConfigurationName = Release;
		};
/* End XCConfigurationList section */
	};
	rootObject = 47A28DE3299D1A27009F8A21 /* Project object */;
}
